// !$*UTF8*$!
{
	archiveVersion = 1;
	classes = {
	};
	objectVersion = 46;
	objects = {

/* Begin PBXBuildFile section */

		232BEBBA1A1ED5D500075DC7 /* dashboardViewController.swift in Sources */ = {isa = PBXBuildFile; fileRef = 232BEBB71A1ED5D500075DC7 /* dashboardViewController.swift */; };
		232BEBBB1A1ED5D500075DC7 /* profileViewController.swift in Sources */ = {isa = PBXBuildFile; fileRef = 232BEBB81A1ED5D500075DC7 /* profileViewController.swift */; };
		232BEBBC1A1ED5D500075DC7 /* stormTrooperHelmet.jpg in Resources */ = {isa = PBXBuildFile; fileRef = 232BEBB91A1ED5D500075DC7 /* stormTrooperHelmet.jpg */; };
		232BEBBF1A1ED61A00075DC7 /* Main.storyboard in Resources */ = {isa = PBXBuildFile; fileRef = 232BEBBD1A1ED61A00075DC7 /* Main.storyboard */; };
		F28B00871A0A833800A5891F /* AppDelegate.swift in Sources */ = {isa = PBXBuildFile; fileRef = F28B00861A0A833800A5891F /* AppDelegate.swift */; };
		F28B00901A0A833800A5891F /* Images.xcassets in Resources */ = {isa = PBXBuildFile; fileRef = F28B008F1A0A833800A5891F /* Images.xcassets */; };
		F28B00931A0A833800A5891F /* LaunchScreen.xib in Resources */ = {isa = PBXBuildFile; fileRef = F28B00911A0A833800A5891F /* LaunchScreen.xib */; };
		F28B009F1A0A833800A5891F /* FitTogetherTests.swift in Sources */ = {isa = PBXBuildFile; fileRef = F28B009E1A0A833800A5891F /* FitTogetherTests.swift */; };
/* End PBXBuildFile section */

/* Begin PBXContainerItemProxy section */
		F28B00991A0A833800A5891F /* PBXContainerItemProxy */ = {
			isa = PBXContainerItemProxy;
			containerPortal = F28B00791A0A833800A5891F /* Project object */;
			proxyType = 1;
			remoteGlobalIDString = F28B00801A0A833800A5891F;
			remoteInfo = FitTogether;
		};
/* End PBXContainerItemProxy section */

/* Begin PBXFileReference section */

		232BEBB71A1ED5D500075DC7 /* dashboardViewController.swift */ = {isa = PBXFileReference; fileEncoding = 4; lastKnownFileType = sourcecode.swift; name = dashboardViewController.swift; path = ../../FrontEnd/Dashboard/Dashboard/Dashboard/dashboardViewController.swift; sourceTree = "<group>"; };
		232BEBB81A1ED5D500075DC7 /* profileViewController.swift */ = {isa = PBXFileReference; fileEncoding = 4; lastKnownFileType = sourcecode.swift; name = profileViewController.swift; path = ../../FrontEnd/Dashboard/Dashboard/Dashboard/profileViewController.swift; sourceTree = "<group>"; };
		232BEBB91A1ED5D500075DC7 /* stormTrooperHelmet.jpg */ = {isa = PBXFileReference; lastKnownFileType = image.jpeg; name = stormTrooperHelmet.jpg; path = ../../FrontEnd/Dashboard/Dashboard/Dashboard/stormTrooperHelmet.jpg; sourceTree = "<group>"; };
		232BEBBE1A1ED61A00075DC7 /* Base */ = {isa = PBXFileReference; lastKnownFileType = file.storyboard; name = Base; path = ../FrontEnd/Dashboard/Dashboard/Dashboard/Base.lproj/Main.storyboard; sourceTree = "<group>"; };
		F28B00811A0A833800A5891F /* FitTogether.app */ = {isa = PBXFileReference; explicitFileType = wrapper.application; includeInIndex = 0; path = FitTogether.app; sourceTree = BUILT_PRODUCTS_DIR; };
		F28B00851A0A833800A5891F /* Info.plist */ = {isa = PBXFileReference; lastKnownFileType = text.plist.xml; path = Info.plist; sourceTree = "<group>"; };
		F28B00861A0A833800A5891F /* AppDelegate.swift */ = {isa = PBXFileReference; lastKnownFileType = sourcecode.swift; path = AppDelegate.swift; sourceTree = "<group>"; };
		F28B008F1A0A833800A5891F /* Images.xcassets */ = {isa = PBXFileReference; lastKnownFileType = folder.assetcatalog; path = Images.xcassets; sourceTree = "<group>"; };
		F28B00921A0A833800A5891F /* Base */ = {isa = PBXFileReference; lastKnownFileType = file.xib; name = Base; path = Base.lproj/LaunchScreen.xib; sourceTree = "<group>"; };
		F28B00981A0A833800A5891F /* FitTogetherTests.xctest */ = {isa = PBXFileReference; explicitFileType = wrapper.cfbundle; includeInIndex = 0; path = FitTogetherTests.xctest; sourceTree = BUILT_PRODUCTS_DIR; };
		F28B009D1A0A833800A5891F /* Info.plist */ = {isa = PBXFileReference; lastKnownFileType = text.plist.xml; path = Info.plist; sourceTree = "<group>"; };
		F28B009E1A0A833800A5891F /* FitTogetherTests.swift */ = {isa = PBXFileReference; lastKnownFileType = sourcecode.swift; path = FitTogetherTests.swift; sourceTree = "<group>"; };
/* End PBXFileReference section */

/* Begin PBXFrameworksBuildPhase section */
		F28B007E1A0A833800A5891F /* Frameworks */ = {
			isa = PBXFrameworksBuildPhase;
			buildActionMask = 2147483647;
			files = (
				F214806D1A1594FA00C6F805 /* HealthKit.framework in Frameworks */,
				F21480701A15950F00C6F805 /* CloudKit.framework in Frameworks */,
			);
			runOnlyForDeploymentPostprocessing = 0;
		};
		F28B00951A0A833800A5891F /* Frameworks */ = {
			isa = PBXFrameworksBuildPhase;
			buildActionMask = 2147483647;
			files = (
			);
			runOnlyForDeploymentPostprocessing = 0;
		};
/* End PBXFrameworksBuildPhase section */

/* Begin PBXGroup section */
		F21480711A159C0F00C6F805 /* Resources */ = {
			isa = PBXGroup;
			children = (
				F214806E1A1594FA00C6F805 /* FitTogether.entitlements */,
				F21480721A159C9D00C6F805 /* Settings.bundle */,
			);
			name = Resources;
			sourceTree = "<group>";
		};
		F269DD4E1A194081007EF641 /* ViewControllers */ = {
			isa = PBXGroup;
			children = (
				F269DD4C1A19407C007EF641 /* TeamInfoViewController.swift */,
			);
			name = ViewControllers;
			sourceTree = "<group>";
		};
		F28B00781A0A833800A5891F = {
			isa = PBXGroup;
			children = (
				F214806F1A15950F00C6F805 /* CloudKit.framework */,
				F214806C1A1594FA00C6F805 /* HealthKit.framework */,
				F28B00831A0A833800A5891F /* FitTogether */,
				F21480711A159C0F00C6F805 /* Resources */,
				F28B00821A0A833800A5891F /* Products */,
				F28B009B1A0A833800A5891F /* FitTogetherTests */,
			);
			sourceTree = "<group>";
		};
		F28B00821A0A833800A5891F /* Products */ = {
			isa = PBXGroup;
			children = (
				F28B00811A0A833800A5891F /* FitTogether.app */,
				F28B00981A0A833800A5891F /* FitTogetherTests.xctest */,
			);
			name = Products;
			sourceTree = "<group>";
		};
		F28B00831A0A833800A5891F /* FitTogether */ = {
			isa = PBXGroup;
			children = (
				232BEBB71A1ED5D500075DC7 /* dashboardViewController.swift */,
				232BEBBD1A1ED61A00075DC7 /* Main.storyboard */,
				232BEBB81A1ED5D500075DC7 /* profileViewController.swift */,
				F28B00861A0A833800A5891F /* AppDelegate.swift */,
				232BEBB91A1ED5D500075DC7 /* stormTrooperHelmet.jpg */,
				F28B008F1A0A833800A5891F /* Images.xcassets */,
				F28B00911A0A833800A5891F /* LaunchScreen.xib */,
				F28B00841A0A833800A5891F /* Supporting Files */,
			);
			path = FitTogether;
			sourceTree = "<group>";
		};
		F28B00841A0A833800A5891F /* Supporting Files */ = {
			isa = PBXGroup;
			children = (
				F28B00851A0A833800A5891F /* Info.plist */,
			);
			name = "Supporting Files";
			sourceTree = "<group>";
		};
		F28B009B1A0A833800A5891F /* FitTogetherTests */ = {
			isa = PBXGroup;
			children = (
				F28B009E1A0A833800A5891F /* FitTogetherTests.swift */,
				F28B009C1A0A833800A5891F /* Supporting Files */,
			);
			path = FitTogetherTests;
			sourceTree = "<group>";
		};
		F28B009C1A0A833800A5891F /* Supporting Files */ = {
			isa = PBXGroup;
			children = (
				F28B009D1A0A833800A5891F /* Info.plist */,
			);
			name = "Supporting Files";
			sourceTree = "<group>";
		};
/* End PBXGroup section */

/* Begin PBXNativeTarget section */
		F28B00801A0A833800A5891F /* FitTogether */ = {
			isa = PBXNativeTarget;
			buildConfigurationList = F28B00A21A0A833800A5891F /* Build configuration list for PBXNativeTarget "FitTogether" */;
			buildPhases = (
				F28B007D1A0A833800A5891F /* Sources */,
				F28B007E1A0A833800A5891F /* Frameworks */,
				F28B007F1A0A833800A5891F /* Resources */,
			);
			buildRules = (
			);
			dependencies = (
			);
			name = FitTogether;
			productName = FitTogether;
			productReference = F28B00811A0A833800A5891F /* FitTogether.app */;
			productType = "com.apple.product-type.application";
		};
		F28B00971A0A833800A5891F /* FitTogetherTests */ = {
			isa = PBXNativeTarget;
			buildConfigurationList = F28B00A51A0A833800A5891F /* Build configuration list for PBXNativeTarget "FitTogetherTests" */;
			buildPhases = (
				F28B00941A0A833800A5891F /* Sources */,
				F28B00951A0A833800A5891F /* Frameworks */,
				F28B00961A0A833800A5891F /* Resources */,
			);
			buildRules = (
			);
			dependencies = (
				F28B009A1A0A833800A5891F /* PBXTargetDependency */,
			);
			name = FitTogetherTests;
			productName = FitTogetherTests;
			productReference = F28B00981A0A833800A5891F /* FitTogetherTests.xctest */;
			productType = "com.apple.product-type.bundle.unit-test";
		};
/* End PBXNativeTarget section */

/* Begin PBXProject section */
		F28B00791A0A833800A5891F /* Project object */ = {
			isa = PBXProject;
			attributes = {
				LastUpgradeCheck = 0600;
				ORGANIZATIONNAME = "Fit Together";
				TargetAttributes = {
					F28B00801A0A833800A5891F = {
						CreatedOnToolsVersion = 6.1;
						DevelopmentTeam = 4FNJNUQ3AD;
						SystemCapabilities = {
							com.apple.HealthKit = {
								enabled = 1;
							};
							com.apple.iCloud = {
								enabled = 1;
							};
						};
					};
					F28B00971A0A833800A5891F = {
						CreatedOnToolsVersion = 6.1;
						TestTargetID = F28B00801A0A833800A5891F;
					};
				};
			};
			buildConfigurationList = F28B007C1A0A833800A5891F /* Build configuration list for PBXProject "FitTogether" */;
			compatibilityVersion = "Xcode 3.2";
			developmentRegion = English;
			hasScannedForEncodings = 0;
			knownRegions = (
				en,
				Base,
			);
			mainGroup = F28B00781A0A833800A5891F;
			productRefGroup = F28B00821A0A833800A5891F /* Products */;
			projectDirPath = "";
			projectRoot = "";
			targets = (
				F28B00801A0A833800A5891F /* FitTogether */,
				F28B00971A0A833800A5891F /* FitTogetherTests */,
			);
		};
/* End PBXProject section */

/* Begin PBXResourcesBuildPhase section */
		F28B007F1A0A833800A5891F /* Resources */ = {
			isa = PBXResourcesBuildPhase;
			buildActionMask = 2147483647;
			files = (
				232BEBBC1A1ED5D500075DC7 /* stormTrooperHelmet.jpg in Resources */,
				F28B00931A0A833800A5891F /* LaunchScreen.xib in Resources */,
				F28B00901A0A833800A5891F /* Images.xcassets in Resources */,
				232BEBBF1A1ED61A00075DC7 /* Main.storyboard in Resources */,
			);
			runOnlyForDeploymentPostprocessing = 0;
		};
		F28B00961A0A833800A5891F /* Resources */ = {
			isa = PBXResourcesBuildPhase;
			buildActionMask = 2147483647;
			files = (
			);
			runOnlyForDeploymentPostprocessing = 0;
		};
/* End PBXResourcesBuildPhase section */

/* Begin PBXSourcesBuildPhase section */
		F28B007D1A0A833800A5891F /* Sources */ = {
			isa = PBXSourcesBuildPhase;
			buildActionMask = 2147483647;
			files = (
				F28B00871A0A833800A5891F /* AppDelegate.swift in Sources */,
				232BEBBA1A1ED5D500075DC7 /* dashboardViewController.swift in Sources */,
				232BEBBB1A1ED5D500075DC7 /* profileViewController.swift in Sources */,
			);
			runOnlyForDeploymentPostprocessing = 0;
		};
		F28B00941A0A833800A5891F /* Sources */ = {
			isa = PBXSourcesBuildPhase;
			buildActionMask = 2147483647;
			files = (
				F28B009F1A0A833800A5891F /* FitTogetherTests.swift in Sources */,
			);
			runOnlyForDeploymentPostprocessing = 0;
		};
/* End PBXSourcesBuildPhase section */

/* Begin PBXTargetDependency section */
		F28B009A1A0A833800A5891F /* PBXTargetDependency */ = {
			isa = PBXTargetDependency;
			target = F28B00801A0A833800A5891F /* FitTogether */;
			targetProxy = F28B00991A0A833800A5891F /* PBXContainerItemProxy */;
		};
/* End PBXTargetDependency section */

/* Begin PBXVariantGroup section */
		232BEBBD1A1ED61A00075DC7 /* Main.storyboard */ = {
			isa = PBXVariantGroup;
			children = (
				232BEBBE1A1ED61A00075DC7 /* Base */,
			);
			name = Main.storyboard;
			path = ..;
			sourceTree = "<group>";
		};
		F28B00911A0A833800A5891F /* LaunchScreen.xib */ = {
			isa = PBXVariantGroup;
			children = (
				F28B00921A0A833800A5891F /* Base */,
			);
			name = LaunchScreen.xib;
			sourceTree = "<group>";
		};
/* End PBXVariantGroup section */

/* Begin XCBuildConfiguration section */
		F28B00A01A0A833800A5891F /* Debug */ = {
			isa = XCBuildConfiguration;
			buildSettings = {
				ALWAYS_SEARCH_USER_PATHS = NO;
				CLANG_CXX_LANGUAGE_STANDARD = "gnu++0x";
				CLANG_CXX_LIBRARY = "libc++";
				CLANG_ENABLE_MODULES = YES;
				CLANG_ENABLE_OBJC_ARC = YES;
				CLANG_WARN_BOOL_CONVERSION = YES;
				CLANG_WARN_CONSTANT_CONVERSION = YES;
				CLANG_WARN_DIRECT_OBJC_ISA_USAGE = YES_ERROR;
				CLANG_WARN_EMPTY_BODY = YES;
				CLANG_WARN_ENUM_CONVERSION = YES;
				CLANG_WARN_INT_CONVERSION = YES;
				CLANG_WARN_OBJC_ROOT_CLASS = YES_ERROR;
				CLANG_WARN_UNREACHABLE_CODE = YES;
				CLANG_WARN__DUPLICATE_METHOD_MATCH = YES;
				"CODE_SIGN_IDENTITY[sdk=iphoneos*]" = "iPhone Developer";
				COPY_PHASE_STRIP = NO;
				ENABLE_STRICT_OBJC_MSGSEND = YES;
				GCC_C_LANGUAGE_STANDARD = gnu99;
				GCC_DYNAMIC_NO_PIC = NO;
				GCC_OPTIMIZATION_LEVEL = 0;
				GCC_PREPROCESSOR_DEFINITIONS = (
					"DEBUG=1",
					"$(inherited)",
				);
				GCC_SYMBOLS_PRIVATE_EXTERN = NO;
				GCC_WARN_64_TO_32_BIT_CONVERSION = YES;
				GCC_WARN_ABOUT_RETURN_TYPE = YES_ERROR;
				GCC_WARN_UNDECLARED_SELECTOR = YES;
				GCC_WARN_UNINITIALIZED_AUTOS = YES_AGGRESSIVE;
				GCC_WARN_UNUSED_FUNCTION = YES;
				GCC_WARN_UNUSED_VARIABLE = YES;
				IPHONEOS_DEPLOYMENT_TARGET = 8.0;
				MTL_ENABLE_DEBUG_INFO = YES;
				ONLY_ACTIVE_ARCH = YES;
				SDKROOT = iphoneos;
				SWIFT_OPTIMIZATION_LEVEL = "-Onone";
			};
			name = Debug;
		};
		F28B00A11A0A833800A5891F /* Release */ = {
			isa = XCBuildConfiguration;
			buildSettings = {
				ALWAYS_SEARCH_USER_PATHS = NO;
				CLANG_CXX_LANGUAGE_STANDARD = "gnu++0x";
				CLANG_CXX_LIBRARY = "libc++";
				CLANG_ENABLE_MODULES = YES;
				CLANG_ENABLE_OBJC_ARC = YES;
				CLANG_WARN_BOOL_CONVERSION = YES;
				CLANG_WARN_CONSTANT_CONVERSION = YES;
				CLANG_WARN_DIRECT_OBJC_ISA_USAGE = YES_ERROR;
				CLANG_WARN_EMPTY_BODY = YES;
				CLANG_WARN_ENUM_CONVERSION = YES;
				CLANG_WARN_INT_CONVERSION = YES;
				CLANG_WARN_OBJC_ROOT_CLASS = YES_ERROR;
				CLANG_WARN_UNREACHABLE_CODE = YES;
				CLANG_WARN__DUPLICATE_METHOD_MATCH = YES;
				"CODE_SIGN_IDENTITY[sdk=iphoneos*]" = "iPhone Developer";
				COPY_PHASE_STRIP = YES;
				ENABLE_NS_ASSERTIONS = NO;
				ENABLE_STRICT_OBJC_MSGSEND = YES;
				GCC_C_LANGUAGE_STANDARD = gnu99;
				GCC_WARN_64_TO_32_BIT_CONVERSION = YES;
				GCC_WARN_ABOUT_RETURN_TYPE = YES_ERROR;
				GCC_WARN_UNDECLARED_SELECTOR = YES;
				GCC_WARN_UNINITIALIZED_AUTOS = YES_AGGRESSIVE;
				GCC_WARN_UNUSED_FUNCTION = YES;
				GCC_WARN_UNUSED_VARIABLE = YES;
				IPHONEOS_DEPLOYMENT_TARGET = 8.0;
				MTL_ENABLE_DEBUG_INFO = NO;
				SDKROOT = iphoneos;
				VALIDATE_PRODUCT = YES;
			};
			name = Release;
		};
		F28B00A31A0A833800A5891F /* Debug */ = {
			isa = XCBuildConfiguration;
			buildSettings = {
				ASSETCATALOG_COMPILER_APPICON_NAME = AppIcon;
				CODE_SIGN_ENTITLEMENTS = FitTogether/FitTogether.entitlements;
				CODE_SIGN_IDENTITY = "iPhone Developer";
				"CODE_SIGN_IDENTITY[sdk=iphoneos*]" = "iPhone Developer";
				INFOPLIST_FILE = FitTogether/Info.plist;
				LD_RUNPATH_SEARCH_PATHS = "$(inherited) @executable_path/Frameworks";
				PRODUCT_NAME = "$(TARGET_NAME)";
				PROVISIONING_PROFILE = "";
			};
			name = Debug;
		};
		F28B00A41A0A833800A5891F /* Release */ = {
			isa = XCBuildConfiguration;
			buildSettings = {
				ASSETCATALOG_COMPILER_APPICON_NAME = AppIcon;
				CODE_SIGN_ENTITLEMENTS = FitTogether/FitTogether.entitlements;
				CODE_SIGN_IDENTITY = "iPhone Developer";
				"CODE_SIGN_IDENTITY[sdk=iphoneos*]" = "iPhone Developer";
				INFOPLIST_FILE = FitTogether/Info.plist;
				LD_RUNPATH_SEARCH_PATHS = "$(inherited) @executable_path/Frameworks";
				PRODUCT_NAME = "$(TARGET_NAME)";
				PROVISIONING_PROFILE = "";
			};
			name = Release;
		};
		F28B00A61A0A833800A5891F /* Debug */ = {
			isa = XCBuildConfiguration;
			buildSettings = {
				BUNDLE_LOADER = "$(TEST_HOST)";
				FRAMEWORK_SEARCH_PATHS = (
					"$(SDKROOT)/Developer/Library/Frameworks",
					"$(inherited)",
				);
				GCC_PREPROCESSOR_DEFINITIONS = (
					"DEBUG=1",
					"$(inherited)",
				);
				INFOPLIST_FILE = FitTogetherTests/Info.plist;
				LD_RUNPATH_SEARCH_PATHS = "$(inherited) @executable_path/Frameworks @loader_path/Frameworks";
				PRODUCT_NAME = "$(TARGET_NAME)";
				TEST_HOST = "$(BUILT_PRODUCTS_DIR)/FitTogether.app/FitTogether";
			};
			name = Debug;
		};
		F28B00A71A0A833800A5891F /* Release */ = {
			isa = XCBuildConfiguration;
			buildSettings = {
				BUNDLE_LOADER = "$(TEST_HOST)";
				FRAMEWORK_SEARCH_PATHS = (
					"$(SDKROOT)/Developer/Library/Frameworks",
					"$(inherited)",
				);
				INFOPLIST_FILE = FitTogetherTests/Info.plist;
				LD_RUNPATH_SEARCH_PATHS = "$(inherited) @executable_path/Frameworks @loader_path/Frameworks";
				PRODUCT_NAME = "$(TARGET_NAME)";
				TEST_HOST = "$(BUILT_PRODUCTS_DIR)/FitTogether.app/FitTogether";
			};
			name = Release;
		};
/* End XCBuildConfiguration section */

/* Begin XCConfigurationList section */
		F28B007C1A0A833800A5891F /* Build configuration list for PBXProject "FitTogether" */ = {
			isa = XCConfigurationList;
			buildConfigurations = (
				F28B00A01A0A833800A5891F /* Debug */,
				F28B00A11A0A833800A5891F /* Release */,
			);
			defaultConfigurationIsVisible = 0;
			defaultConfigurationName = Release;
		};
		F28B00A21A0A833800A5891F /* Build configuration list for PBXNativeTarget "FitTogether" */ = {
			isa = XCConfigurationList;
			buildConfigurations = (
				F28B00A31A0A833800A5891F /* Debug */,
				F28B00A41A0A833800A5891F /* Release */,
			);
			defaultConfigurationIsVisible = 0;
			defaultConfigurationName = Release;
		};
		F28B00A51A0A833800A5891F /* Build configuration list for PBXNativeTarget "FitTogetherTests" */ = {
			isa = XCConfigurationList;
			buildConfigurations = (
				F28B00A61A0A833800A5891F /* Debug */,
				F28B00A71A0A833800A5891F /* Release */,
			);
			defaultConfigurationIsVisible = 0;
			defaultConfigurationName = Release;
		};
/* End XCConfigurationList section */
	};
	rootObject = F28B00791A0A833800A5891F /* Project object */;
}
