// !$*UTF8*$!
{
	archiveVersion = 1;
	classes = {
	};
	objectVersion = 46;
	objects = {

/* Begin PBXBuildFile section */
		F281E0951A0BC8A0006A1255 /* AppDelegate.swift in Sources */ = {isa = PBXBuildFile; fileRef = F281E0941A0BC8A0006A1255 /* AppDelegate.swift */; };
		F281E0971A0BC8A0006A1255 /* ViewController.swift in Sources */ = {isa = PBXBuildFile; fileRef = F281E0961A0BC8A0006A1255 /* ViewController.swift */; };
		F281E09A1A0BC8A0006A1255 /* Main.storyboard in Resources */ = {isa = PBXBuildFile; fileRef = F281E0981A0BC8A0006A1255 /* Main.storyboard */; };
		F281E09C1A0BC8A0006A1255 /* Images.xcassets in Resources */ = {isa = PBXBuildFile; fileRef = F281E09B1A0BC8A0006A1255 /* Images.xcassets */; };
		F281E09F1A0BC8A0006A1255 /* LaunchScreen.xib in Resources */ = {isa = PBXBuildFile; fileRef = F281E09D1A0BC8A0006A1255 /* LaunchScreen.xib */; };
		F281E0AB1A0BC8A0006A1255 /* jsonTestTests.swift in Sources */ = {isa = PBXBuildFile; fileRef = F281E0AA1A0BC8A0006A1255 /* jsonTestTests.swift */; };
/* End PBXBuildFile section */

/* Begin PBXContainerItemProxy section */
		F281E0A51A0BC8A0006A1255 /* PBXContainerItemProxy */ = {
			isa = PBXContainerItemProxy;
			containerPortal = F281E0871A0BC8A0006A1255 /* Project object */;
			proxyType = 1;
			remoteGlobalIDString = F281E08E1A0BC8A0006A1255;
			remoteInfo = jsonTest;
		};
/* End PBXContainerItemProxy section */

/* Begin PBXFileReference section */
		F281E08F1A0BC8A0006A1255 /* jsonTest.app */ = {isa = PBXFileReference; explicitFileType = wrapper.application; includeInIndex = 0; path = jsonTest.app; sourceTree = BUILT_PRODUCTS_DIR; };
		F281E0931A0BC8A0006A1255 /* Info.plist */ = {isa = PBXFileReference; lastKnownFileType = text.plist.xml; path = Info.plist; sourceTree = "<group>"; };
		F281E0941A0BC8A0006A1255 /* AppDelegate.swift */ = {isa = PBXFileReference; lastKnownFileType = sourcecode.swift; path = AppDelegate.swift; sourceTree = "<group>"; };
		F281E0961A0BC8A0006A1255 /* ViewController.swift */ = {isa = PBXFileReference; lastKnownFileType = sourcecode.swift; path = ViewController.swift; sourceTree = "<group>"; };
		F281E0991A0BC8A0006A1255 /* Base */ = {isa = PBXFileReference; lastKnownFileType = file.storyboard; name = Base; path = Base.lproj/Main.storyboard; sourceTree = "<group>"; };
		F281E09B1A0BC8A0006A1255 /* Images.xcassets */ = {isa = PBXFileReference; lastKnownFileType = folder.assetcatalog; path = Images.xcassets; sourceTree = "<group>"; };
		F281E09E1A0BC8A0006A1255 /* Base */ = {isa = PBXFileReference; lastKnownFileType = file.xib; name = Base; path = Base.lproj/LaunchScreen.xib; sourceTree = "<group>"; };
		F281E0A41A0BC8A0006A1255 /* jsonTestTests.xctest */ = {isa = PBXFileReference; explicitFileType = wrapper.cfbundle; includeInIndex = 0; path = jsonTestTests.xctest; sourceTree = BUILT_PRODUCTS_DIR; };
		F281E0A91A0BC8A0006A1255 /* Info.plist */ = {isa = PBXFileReference; lastKnownFileType = text.plist.xml; path = Info.plist; sourceTree = "<group>"; };
		F281E0AA1A0BC8A0006A1255 /* jsonTestTests.swift */ = {isa = PBXFileReference; lastKnownFileType = sourcecode.swift; path = jsonTestTests.swift; sourceTree = "<group>"; };
/* End PBXFileReference section */

/* Begin PBXFrameworksBuildPhase section */
		F281E08C1A0BC8A0006A1255 /* Frameworks */ = {
			isa = PBXFrameworksBuildPhase;
			buildActionMask = 2147483647;
			files = (
			);
			runOnlyForDeploymentPostprocessing = 0;
		};
		F281E0A11A0BC8A0006A1255 /* Frameworks */ = {
			isa = PBXFrameworksBuildPhase;
			buildActionMask = 2147483647;
			files = (
			);
			runOnlyForDeploymentPostprocessing = 0;
		};
/* End PBXFrameworksBuildPhase section */

/* Begin PBXGroup section */
		F281E0861A0BC8A0006A1255 = {
			isa = PBXGroup;
			children = (
				F281E0911A0BC8A0006A1255 /* jsonTest */,
				F281E0A71A0BC8A0006A1255 /* jsonTestTests */,
				F281E0901A0BC8A0006A1255 /* Products */,
			);
			sourceTree = "<group>";
		};
		F281E0901A0BC8A0006A1255 /* Products */ = {
			isa = PBXGroup;
			children = (
				F281E08F1A0BC8A0006A1255 /* jsonTest.app */,
				F281E0A41A0BC8A0006A1255 /* jsonTestTests.xctest */,
			);
			name = Products;
			sourceTree = "<group>";
		};
		F281E0911A0BC8A0006A1255 /* jsonTest */ = {
			isa = PBXGroup;
			children = (
				F281E0941A0BC8A0006A1255 /* AppDelegate.swift */,
				F281E0961A0BC8A0006A1255 /* ViewController.swift */,
				F281E0981A0BC8A0006A1255 /* Main.storyboard */,
				F281E09B1A0BC8A0006A1255 /* Images.xcassets */,
				F281E09D1A0BC8A0006A1255 /* LaunchScreen.xib */,
				F281E0921A0BC8A0006A1255 /* Supporting Files */,
			);
			path = jsonTest;
			sourceTree = "<group>";
		};
		F281E0921A0BC8A0006A1255 /* Supporting Files */ = {
			isa = PBXGroup;
			children = (
				F281E0931A0BC8A0006A1255 /* Info.plist */,
			);
			name = "Supporting Files";
			sourceTree = "<group>";
		};
		F281E0A71A0BC8A0006A1255 /* jsonTestTests */ = {
			isa = PBXGroup;
			children = (
				F281E0AA1A0BC8A0006A1255 /* jsonTestTests.swift */,
				F281E0A81A0BC8A0006A1255 /* Supporting Files */,
			);
			path = jsonTestTests;
			sourceTree = "<group>";
		};
		F281E0A81A0BC8A0006A1255 /* Supporting Files */ = {
			isa = PBXGroup;
			children = (
				F281E0A91A0BC8A0006A1255 /* Info.plist */,
			);
			name = "Supporting Files";
			sourceTree = "<group>";
		};
/* End PBXGroup section */

/* Begin PBXNativeTarget section */
		F281E08E1A0BC8A0006A1255 /* jsonTest */ = {
			isa = PBXNativeTarget;
			buildConfigurationList = F281E0AE1A0BC8A0006A1255 /* Build configuration list for PBXNativeTarget "jsonTest" */;
			buildPhases = (
				F281E08B1A0BC8A0006A1255 /* Sources */,
				F281E08C1A0BC8A0006A1255 /* Frameworks */,
				F281E08D1A0BC8A0006A1255 /* Resources */,
			);
			buildRules = (
			);
			dependencies = (
			);
			name = jsonTest;
			productName = jsonTest;
			productReference = F281E08F1A0BC8A0006A1255 /* jsonTest.app */;
			productType = "com.apple.product-type.application";
		};
		F281E0A31A0BC8A0006A1255 /* jsonTestTests */ = {
			isa = PBXNativeTarget;
			buildConfigurationList = F281E0B11A0BC8A0006A1255 /* Build configuration list for PBXNativeTarget "jsonTestTests" */;
			buildPhases = (
				F281E0A01A0BC8A0006A1255 /* Sources */,
				F281E0A11A0BC8A0006A1255 /* Frameworks */,
				F281E0A21A0BC8A0006A1255 /* Resources */,
			);
			buildRules = (
			);
			dependencies = (
				F281E0A61A0BC8A0006A1255 /* PBXTargetDependency */,
			);
			name = jsonTestTests;
			productName = jsonTestTests;
			productReference = F281E0A41A0BC8A0006A1255 /* jsonTestTests.xctest */;
			productType = "com.apple.product-type.bundle.unit-test";
		};
/* End PBXNativeTarget section */

/* Begin PBXProject section */
		F281E0871A0BC8A0006A1255 /* Project object */ = {
			isa = PBXProject;
			attributes = {
				LastUpgradeCheck = 0600;
				ORGANIZATIONNAME = "Fit Together";
				TargetAttributes = {
					F281E08E1A0BC8A0006A1255 = {
						CreatedOnToolsVersion = 6.1;
					};
					F281E0A31A0BC8A0006A1255 = {
						CreatedOnToolsVersion = 6.1;
						TestTargetID = F281E08E1A0BC8A0006A1255;
					};
				};
			};
			buildConfigurationList = F281E08A1A0BC8A0006A1255 /* Build configuration list for PBXProject "jsonTest" */;
			compatibilityVersion = "Xcode 3.2";
			developmentRegion = English;
			hasScannedForEncodings = 0;
			knownRegions = (
				en,
				Base,
			);
			mainGroup = F281E0861A0BC8A0006A1255;
			productRefGroup = F281E0901A0BC8A0006A1255 /* Products */;
			projectDirPath = "";
			projectRoot = "";
			targets = (
				F281E08E1A0BC8A0006A1255 /* jsonTest */,
				F281E0A31A0BC8A0006A1255 /* jsonTestTests */,
			);
		};
/* End PBXProject section */

/* Begin PBXResourcesBuildPhase section */
		F281E08D1A0BC8A0006A1255 /* Resources */ = {
			isa = PBXResourcesBuildPhase;
			buildActionMask = 2147483647;
			files = (
				F281E09A1A0BC8A0006A1255 /* Main.storyboard in Resources */,
				F281E09F1A0BC8A0006A1255 /* LaunchScreen.xib in Resources */,
				F281E09C1A0BC8A0006A1255 /* Images.xcassets in Resources */,
			);
			runOnlyForDeploymentPostprocessing = 0;
		};
		F281E0A21A0BC8A0006A1255 /* Resources */ = {
			isa = PBXResourcesBuildPhase;
			buildActionMask = 2147483647;
			files = (
			);
			runOnlyForDeploymentPostprocessing = 0;
		};
/* End PBXResourcesBuildPhase section */

/* Begin PBXSourcesBuildPhase section */
		F281E08B1A0BC8A0006A1255 /* Sources */ = {
			isa = PBXSourcesBuildPhase;
			buildActionMask = 2147483647;
			files = (
				F281E0971A0BC8A0006A1255 /* ViewController.swift in Sources */,
				F281E0951A0BC8A0006A1255 /* AppDelegate.swift in Sources */,
			);
			runOnlyForDeploymentPostprocessing = 0;
		};
		F281E0A01A0BC8A0006A1255 /* Sources */ = {
			isa = PBXSourcesBuildPhase;
			buildActionMask = 2147483647;
			files = (
				F281E0AB1A0BC8A0006A1255 /* jsonTestTests.swift in Sources */,
			);
			runOnlyForDeploymentPostprocessing = 0;
		};
/* End PBXSourcesBuildPhase section */

/* Begin PBXTargetDependency section */
		F281E0A61A0BC8A0006A1255 /* PBXTargetDependency */ = {
			isa = PBXTargetDependency;
			target = F281E08E1A0BC8A0006A1255 /* jsonTest */;
			targetProxy = F281E0A51A0BC8A0006A1255 /* PBXContainerItemProxy */;
		};
/* End PBXTargetDependency section */

/* Begin PBXVariantGroup section */
		F281E0981A0BC8A0006A1255 /* Main.storyboard */ = {
			isa = PBXVariantGroup;
			children = (
				F281E0991A0BC8A0006A1255 /* Base */,
			);
			name = Main.storyboard;
			sourceTree = "<group>";
		};
		F281E09D1A0BC8A0006A1255 /* LaunchScreen.xib */ = {
			isa = PBXVariantGroup;
			children = (
				F281E09E1A0BC8A0006A1255 /* Base */,
			);
			name = LaunchScreen.xib;
			sourceTree = "<group>";
		};
/* End PBXVariantGroup section */

/* Begin XCBuildConfiguration section */
		F281E0AC1A0BC8A0006A1255 /* Debug */ = {
			isa = XCBuildConfiguration;
			buildSettings = {
				ALWAYS_SEARCH_USER_PATHS = NO;
				CLANG_CXX_LANGUAGE_STANDARD = "gnu++0x";
				CLANG_CXX_LIBRARY = "libc++";
				CLANG_ENABLE_MODULES = YES;
				CLANG_ENABLE_OBJC_ARC = YES;
				CLANG_WARN_BOOL_CONVERSION = YES;
				CLANG_WARN_CONSTANT_CONVERSION = YES;
				CLANG_WARN_DIRECT_OBJC_ISA_USAGE = YES_ERROR;
				CLANG_WARN_EMPTY_BODY = YES;
				CLANG_WARN_ENUM_CONVERSION = YES;
				CLANG_WARN_INT_CONVERSION = YES;
				CLANG_WARN_OBJC_ROOT_CLASS = YES_ERROR;
				CLANG_WARN_UNREACHABLE_CODE = YES;
				CLANG_WARN__DUPLICATE_METHOD_MATCH = YES;
				"CODE_SIGN_IDENTITY[sdk=iphoneos*]" = "iPhone Developer";
				COPY_PHASE_STRIP = NO;
				ENABLE_STRICT_OBJC_MSGSEND = YES;
				GCC_C_LANGUAGE_STANDARD = gnu99;
				GCC_DYNAMIC_NO_PIC = NO;
				GCC_OPTIMIZATION_LEVEL = 0;
				GCC_PREPROCESSOR_DEFINITIONS = (
					"DEBUG=1",
					"$(inherited)",
				);
				GCC_SYMBOLS_PRIVATE_EXTERN = NO;
				GCC_WARN_64_TO_32_BIT_CONVERSION = YES;
				GCC_WARN_ABOUT_RETURN_TYPE = YES_ERROR;
				GCC_WARN_UNDECLARED_SELECTOR = YES;
				GCC_WARN_UNINITIALIZED_AUTOS = YES_AGGRESSIVE;
				GCC_WARN_UNUSED_FUNCTION = YES;
				GCC_WARN_UNUSED_VARIABLE = YES;
				IPHONEOS_DEPLOYMENT_TARGET = 8.0;
				MTL_ENABLE_DEBUG_INFO = YES;
				ONLY_ACTIVE_ARCH = YES;
				SDKROOT = iphoneos;
				SWIFT_OPTIMIZATION_LEVEL = "-Onone";
			};
			name = Debug;
		};
		F281E0AD1A0BC8A0006A1255 /* Release */ = {
			isa = XCBuildConfiguration;
			buildSettings = {
				ALWAYS_SEARCH_USER_PATHS = NO;
				CLANG_CXX_LANGUAGE_STANDARD = "gnu++0x";
				CLANG_CXX_LIBRARY = "libc++";
				CLANG_ENABLE_MODULES = YES;
				CLANG_ENABLE_OBJC_ARC = YES;
				CLANG_WARN_BOOL_CONVERSION = YES;
				CLANG_WARN_CONSTANT_CONVERSION = YES;
				CLANG_WARN_DIRECT_OBJC_ISA_USAGE = YES_ERROR;
				CLANG_WARN_EMPTY_BODY = YES;
				CLANG_WARN_ENUM_CONVERSION = YES;
				CLANG_WARN_INT_CONVERSION = YES;
				CLANG_WARN_OBJC_ROOT_CLASS = YES_ERROR;
				CLANG_WARN_UNREACHABLE_CODE = YES;
				CLANG_WARN__DUPLICATE_METHOD_MATCH = YES;
				"CODE_SIGN_IDENTITY[sdk=iphoneos*]" = "iPhone Developer";
				COPY_PHASE_STRIP = YES;
				ENABLE_NS_ASSERTIONS = NO;
				ENABLE_STRICT_OBJC_MSGSEND = YES;
				GCC_C_LANGUAGE_STANDARD = gnu99;
				GCC_WARN_64_TO_32_BIT_CONVERSION = YES;
				GCC_WARN_ABOUT_RETURN_TYPE = YES_ERROR;
				GCC_WARN_UNDECLARED_SELECTOR = YES;
				GCC_WARN_UNINITIALIZED_AUTOS = YES_AGGRESSIVE;
				GCC_WARN_UNUSED_FUNCTION = YES;
				GCC_WARN_UNUSED_VARIABLE = YES;
				IPHONEOS_DEPLOYMENT_TARGET = 8.0;
				MTL_ENABLE_DEBUG_INFO = NO;
				SDKROOT = iphoneos;
				VALIDATE_PRODUCT = YES;
			};
			name = Release;
		};
		F281E0AF1A0BC8A0006A1255 /* Debug */ = {
			isa = XCBuildConfiguration;
			buildSettings = {
				ASSETCATALOG_COMPILER_APPICON_NAME = AppIcon;
				INFOPLIST_FILE = jsonTest/Info.plist;
				LD_RUNPATH_SEARCH_PATHS = "$(inherited) @executable_path/Frameworks";
				PRODUCT_NAME = "$(TARGET_NAME)";
			};
			name = Debug;
		};
		F281E0B01A0BC8A0006A1255 /* Release */ = {
			isa = XCBuildConfiguration;
			buildSettings = {
				ASSETCATALOG_COMPILER_APPICON_NAME = AppIcon;
				INFOPLIST_FILE = jsonTest/Info.plist;
				LD_RUNPATH_SEARCH_PATHS = "$(inherited) @executable_path/Frameworks";
				PRODUCT_NAME = "$(TARGET_NAME)";
			};
			name = Release;
		};
		F281E0B21A0BC8A0006A1255 /* Debug */ = {
			isa = XCBuildConfiguration;
			buildSettings = {
				BUNDLE_LOADER = "$(TEST_HOST)";
				FRAMEWORK_SEARCH_PATHS = (
					"$(SDKROOT)/Developer/Library/Frameworks",
					"$(inherited)",
				);
				GCC_PREPROCESSOR_DEFINITIONS = (
					"DEBUG=1",
					"$(inherited)",
				);
				INFOPLIST_FILE = jsonTestTests/Info.plist;
				LD_RUNPATH_SEARCH_PATHS = "$(inherited) @executable_path/Frameworks @loader_path/Frameworks";
				PRODUCT_NAME = "$(TARGET_NAME)";
				TEST_HOST = "$(BUILT_PRODUCTS_DIR)/jsonTest.app/jsonTest";
			};
			name = Debug;
		};
		F281E0B31A0BC8A0006A1255 /* Release */ = {
			isa = XCBuildConfiguration;
			buildSettings = {
				BUNDLE_LOADER = "$(TEST_HOST)";
				FRAMEWORK_SEARCH_PATHS = (
					"$(SDKROOT)/Developer/Library/Frameworks",
					"$(inherited)",
				);
				INFOPLIST_FILE = jsonTestTests/Info.plist;
				LD_RUNPATH_SEARCH_PATHS = "$(inherited) @executable_path/Frameworks @loader_path/Frameworks";
				PRODUCT_NAME = "$(TARGET_NAME)";
				TEST_HOST = "$(BUILT_PRODUCTS_DIR)/jsonTest.app/jsonTest";
			};
			name = Release;
		};
/* End XCBuildConfiguration section */

/* Begin XCConfigurationList section */
		F281E08A1A0BC8A0006A1255 /* Build configuration list for PBXProject "jsonTest" */ = {
			isa = XCConfigurationList;
			buildConfigurations = (
				F281E0AC1A0BC8A0006A1255 /* Debug */,
				F281E0AD1A0BC8A0006A1255 /* Release */,
			);
			defaultConfigurationIsVisible = 0;
			defaultConfigurationName = Release;
		};
		F281E0AE1A0BC8A0006A1255 /* Build configuration list for PBXNativeTarget "jsonTest" */ = {
			isa = XCConfigurationList;
			buildConfigurations = (
				F281E0AF1A0BC8A0006A1255 /* Debug */,
				F281E0B01A0BC8A0006A1255 /* Release */,
			);
			defaultConfigurationIsVisible = 0;
		};
		F281E0B11A0BC8A0006A1255 /* Build configuration list for PBXNativeTarget "jsonTestTests" */ = {
			isa = XCConfigurationList;
			buildConfigurations = (
				F281E0B21A0BC8A0006A1255 /* Debug */,
				F281E0B31A0BC8A0006A1255 /* Release */,
			);
			defaultConfigurationIsVisible = 0;
		};
/* End XCConfigurationList section */
	};
	rootObject = F281E0871A0BC8A0006A1255 /* Project object */;
}
